
Microsoft Visual Studio Solution File, Format Version 12.00
# Visual Studio Version 17
VisualStudioVersion = 17.9.34728.123
MinimumVisualStudioVersion = 10.0.40219.1
Project("{FAE04EC0-301F-11D3-BF4B-00C04F79EFBC}") = "11-06-24  hw", "11-06-24  hw\11-06-24  hw.csproj", "{49D8ECB4-466A-4DAF-AC58-4DDB1B468762}"
EndProject
Global
	GlobalSection(SolutionConfigurationPlatforms) = preSolution
		Debug|Any CPU = Debug|Any CPU
		Release|Any CPU = Release|Any CPU
	EndGlobalSection
	GlobalSection(ProjectConfigurationPlatforms) = postSolution
		{49D8ECB4-466A-4DAF-AC58-4DDB1B468762}.Debug|Any CPU.ActiveCfg = Debug|Any CPU
		{49D8ECB4-466A-4DAF-AC58-4DDB1B468762}.Debug|Any CPU.Build.0 = Debug|Any CPU
		{49D8ECB4-466A-4DAF-AC58-4DDB1B468762}.Release|Any CPU.ActiveCfg = Release|Any CPU
		{49D8ECB4-466A-4DAF-AC58-4DDB1B468762}.Release|Any CPU.Build.0 = Release|Any CPU
	EndGlobalSection
	GlobalSection(SolutionProperties) = preSolution
		HideSolutionNode = FALSE
	EndGlobalSection
	GlobalSection(ExtensibilityGlobals) = postSolution
		SolutionGuid = {18EE01D9-F83D-4AF4-951D-C48BE93B552F}
	EndGlobalSection
EndGlobal
